{
  "name": "hubot",
  "version": "2.2.1",
  "dependencies": {
    "coffee-script": {
      "version": "1.3.1"
    },
    "optparse": {
      "version": "1.0.3"
    },
    "scoped-http-client": {
      "version": "0.9.7"
    },
    "log": {
      "version": "1.3.0"
    },
    "connect": {
      "version": "2.1.0",
      "dependencies": {
        "qs": {
          "version": "0.4.2"
        },
        "mime": {
          "version": "1.2.4"
        },
        "formidable": {
          "version": "1.0.9"
        },
        "crc": {
          "version": "0.1.0"
        },
        "debug": {
          "version": "0.7.0"
        }
      }
    },
    "connect_router": {
      "version": "1.8.6"
    },
    "cf-runtime": {
      "version": "0.0.1",
      "dependencies": {
        "mongodb": {
          "version": "0.9.9-8",
          "dependencies": {
            "bson": {
              "version": "0.0.4"
            }
          }
        },
        "redis": {
          "version": "0.7.3"
        },
        "mysql": {
          "version": "0.9.6",
          "dependencies": {
            "hashish": {
              "version": "0.0.4",
              "dependencies": {
                "traverse": {
                  "version": "0.6.3"
                }
              }
            }
          }
        },
        "amqp": {
          "version": "0.1.3"
        },
        "pg": {
          "version": "0.6.18",
          "dependencies": {
            "generic-pool": {
              "version": "1.0.9"
            }
          }
        }
      }
    },
    "irc": {
      "version": "0.3.3"
    },
    "underscore": {
      "version": "1.3.3"
    },
    "underscore.string": {
      "version": "2.2.0rc"
    },
    "moment": {
      "version": "1.6.2"
    },
    "htmlparser": {
      "version": "1.7.6"
    },
    "soupselect": {
      "version": "0.2.0",
      "dependencies": {
        "nodeunit": {
          "version": "0.7.4",
          "dependencies": {
            "tap": {
              "version": "0.3.1",
              "dependencies": {
                "inherits": {
                  "version": "1.0.0"
                },
                "yamlish": {
                  "version": "0.0.5"
                },
                "slide": {
                  "version": "1.1.3"
                },
                "runforcover": {
                  "version": "0.0.2",
                  "dependencies": {
                    "bunker": {
                      "version": "0.1.2",
                      "dependencies": {
                        "burrito": {
                          "version": "0.2.12",
                          "dependencies": {
                            "traverse": {
                              "version": "0.5.2"
                            },
                            "uglify-js": {
                              "version": "1.1.1"
                            }
                          }
                        }
                      }
                    }
                  }
                },
                "nopt": {
                  "version": "2.0.0",
                  "dependencies": {
                    "abbrev": {
                      "version": "1.0.3"
                    }
                  }
                },
                "mkdirp": {
                  "version": "0.3.4"
                },
                "difflet": {
                  "version": "0.2.3",
                  "dependencies": {
                    "traverse": {
                      "version": "0.6.3"
                    },
                    "charm": {
                      "version": "0.0.8"
                    }
                  }
                },
                "deep-equal": {
                  "version": "0.0.0"
                },
                "buffer-equal": {
                  "version": "0.0.0"
                }
              }
            }
          }
        }
      }
    },
    "flowdock": {
      "version": "0.4.1",
      "dependencies": {
        "buffertools": {
          "version": "1.0.7"
        },
        "request": {
          "version": "2.9.152"
        }
      }
    }
  }
}
